Microsoft Visual Studio Solution File, Format Version 12.00
# Visual Studio 15
VisualStudioVersion = 15.0.27130.2010
MinimumVisualStudioVersion = 10.0.40219.1
Project("{3f643c4a-3566-4c93-be69-03d5701b59bb}") = "api", "api\api.csproj", "{f4c8ef66-0d60-44b8-8f6b-e95a5fbf5384}"
EndProject
Global
	GlobalSection(SolutionConfigurationPlatforms) = preSolution
		Debug|Any CPU = Debug|Any CPU
		Release|Any CPU = Release|Any CPU
	EndGlobalSection
	GlobalSection(ProjectConfigurationPlatforms) = postSolution
		{f4c8ef66-0d60-44b8-8f6b-e95a5fbf5384}.Debug|Any CPU.ActiveCfg = Debug|Any CPU
		{f4c8ef66-0d60-44b8-8f6b-e95a5fbf5384}.Debug|Any CPU.Build.0 = Debug|Any CPU
		{f4c8ef66-0d60-44b8-8f6b-e95a5fbf5384}.Release|Any CPU.ActiveCfg = Release|Any CPU
		{f4c8ef66-0d60-44b8-8f6b-e95a5fbf5384}.Release|Any CPU.Build.0 = Release|Any CPU
	EndGlobalSection
	GlobalSection(SolutionProperties) = preSolution
		HideSolutionNode = FALSE
	EndGlobalSection
	GlobalSection(ExtensibilityGlobals) = postSolution
		SolutionGuid = {cbe85131-de33-447d-aa92-5e71b6522842}
	EndGlobalSection
EndGlobal